
Microsoft Visual Studio Solution File, Format Version 11.00
# Visual Studio 2010
Project("{2150E333-8FDC-42A3-9474-1A3956D46DE8}") = "Solution Items", "Solution Items", "{9CDA2775-6107-4BA1-AB37-8B0192E3B907}"
	ProjectSection(SolutionItems) = preProject
		LICENSE.txt = LICENSE.txt
		README.txt = README.txt
	EndProjectSection
EndProject
Project("{F184B08F-C81C-45F6-A57F-5ABD9991F28F}") = "LibWowAPI", "LibWowAPI\LibWowAPI.vbproj", "{9F1A13B1-446E-4D70-AF44-23B207DC898C}"
EndProject
Project("{F184B08F-C81C-45F6-A57F-5ABD9991F28F}") = "LibWowAPIDemo", "LibWowAPIDemo\LibWowAPIDemo.vbproj", "{220576FA-9B19-44B1-AB7B-EC893676B327}"
EndProject
Global
	GlobalSection(SubversionScc) = preSolution
		Svn-Managed = True
		Manager = AnkhSVN - Subversion Support for Visual Studio
	EndGlobalSection
	GlobalSection(SolutionConfigurationPlatforms) = preSolution
		Debug|Any CPU = Debug|Any CPU
		Debug|Mixed Platforms = Debug|Mixed Platforms
		Debug|x86 = Debug|x86
		Release|Any CPU = Release|Any CPU
		Release|Mixed Platforms = Release|Mixed Platforms
		Release|x86 = Release|x86
	EndGlobalSection
	GlobalSection(ProjectConfigurationPlatforms) = postSolution
		{9F1A13B1-446E-4D70-AF44-23B207DC898C}.Debug|Any CPU.ActiveCfg = Debug|Any CPU
		{9F1A13B1-446E-4D70-AF44-23B207DC898C}.Debug|Any CPU.Build.0 = Debug|Any CPU
		{9F1A13B1-446E-4D70-AF44-23B207DC898C}.Debug|Mixed Platforms.ActiveCfg = Debug|Any CPU
		{9F1A13B1-446E-4D70-AF44-23B207DC898C}.Debug|Mixed Platforms.Build.0 = Debug|Any CPU
		{9F1A13B1-446E-4D70-AF44-23B207DC898C}.Debug|x86.ActiveCfg = Debug|Any CPU
		{9F1A13B1-446E-4D70-AF44-23B207DC898C}.Release|Any CPU.ActiveCfg = Release|Any CPU
		{9F1A13B1-446E-4D70-AF44-23B207DC898C}.Release|Any CPU.Build.0 = Release|Any CPU
		{9F1A13B1-446E-4D70-AF44-23B207DC898C}.Release|Mixed Platforms.ActiveCfg = Release|Any CPU
		{9F1A13B1-446E-4D70-AF44-23B207DC898C}.Release|Mixed Platforms.Build.0 = Release|Any CPU
		{9F1A13B1-446E-4D70-AF44-23B207DC898C}.Release|x86.ActiveCfg = Release|Any CPU
		{220576FA-9B19-44B1-AB7B-EC893676B327}.Debug|Any CPU.ActiveCfg = Debug|Any CPU
		{220576FA-9B19-44B1-AB7B-EC893676B327}.Debug|Any CPU.Build.0 = Debug|Any CPU
		{220576FA-9B19-44B1-AB7B-EC893676B327}.Debug|Mixed Platforms.ActiveCfg = Debug|Any CPU
		{220576FA-9B19-44B1-AB7B-EC893676B327}.Debug|Mixed Platforms.Build.0 = Debug|Any CPU
		{220576FA-9B19-44B1-AB7B-EC893676B327}.Debug|x86.ActiveCfg = Debug|Any CPU
		{220576FA-9B19-44B1-AB7B-EC893676B327}.Release|Any CPU.ActiveCfg = Release|Any CPU
		{220576FA-9B19-44B1-AB7B-EC893676B327}.Release|Any CPU.Build.0 = Release|Any CPU
		{220576FA-9B19-44B1-AB7B-EC893676B327}.Release|Mixed Platforms.ActiveCfg = Release|Any CPU
		{220576FA-9B19-44B1-AB7B-EC893676B327}.Release|Mixed Platforms.Build.0 = Release|Any CPU
		{220576FA-9B19-44B1-AB7B-EC893676B327}.Release|x86.ActiveCfg = Release|Any CPU
	EndGlobalSection
	GlobalSection(SolutionProperties) = preSolution
		HideSolutionNode = FALSE
	EndGlobalSection
EndGlobal
